
Microsoft Visual Studio Solution File, Format Version 12.00
# Visual Studio Version 17
VisualStudioVersion = 17.3.32901.215
MinimumVisualStudioVersion = 10.0.40219.1
Project("{FAE04EC0-301F-11D3-BF4B-00C04F79EFBC}") = "App1.Android", "App1\App1.Android\App1.Android.csproj", "{56D8B72E-75E8-44CA-A01E-ABA4B60A22FC}"
EndProject
Project("{FAE04EC0-301F-11D3-BF4B-00C04F79EFBC}") = "App1", "App1\App1\App1.csproj", "{6F4C22B0-10EB-4794-9BA0-7E0D5EEA69B2}"
EndProject
Global
	GlobalSection(SolutionConfigurationPlatforms) = preSolution
		Debug|Any CPU = Debug|Any CPU
		Release|Any CPU = Release|Any CPU
	EndGlobalSection
	GlobalSection(ProjectConfigurationPlatforms) = postSolution
		{56D8B72E-75E8-44CA-A01E-ABA4B60A22FC}.Debug|Any CPU.ActiveCfg = Debug|Any CPU
		{56D8B72E-75E8-44CA-A01E-ABA4B60A22FC}.Debug|Any CPU.Build.0 = Debug|Any CPU
		{56D8B72E-75E8-44CA-A01E-ABA4B60A22FC}.Debug|Any CPU.Deploy.0 = Debug|Any CPU
		{56D8B72E-75E8-44CA-A01E-ABA4B60A22FC}.Release|Any CPU.ActiveCfg = Release|Any CPU
		{56D8B72E-75E8-44CA-A01E-ABA4B60A22FC}.Release|Any CPU.Build.0 = Release|Any CPU
		{56D8B72E-75E8-44CA-A01E-ABA4B60A22FC}.Release|Any CPU.Deploy.0 = Release|Any CPU
		{6F4C22B0-10EB-4794-9BA0-7E0D5EEA69B2}.Debug|Any CPU.ActiveCfg = Debug|Any CPU
		{6F4C22B0-10EB-4794-9BA0-7E0D5EEA69B2}.Debug|Any CPU.Build.0 = Debug|Any CPU
		{6F4C22B0-10EB-4794-9BA0-7E0D5EEA69B2}.Debug|Any CPU.Deploy.0 = Debug|Any CPU
		{6F4C22B0-10EB-4794-9BA0-7E0D5EEA69B2}.Release|Any CPU.ActiveCfg = Release|Any CPU
		{6F4C22B0-10EB-4794-9BA0-7E0D5EEA69B2}.Release|Any CPU.Build.0 = Release|Any CPU
		{6F4C22B0-10EB-4794-9BA0-7E0D5EEA69B2}.Release|Any CPU.Deploy.0 = Release|Any CPU
	EndGlobalSection
	GlobalSection(SolutionProperties) = preSolution
		HideSolutionNode = FALSE
	EndGlobalSection
	GlobalSection(ExtensibilityGlobals) = postSolution
		SolutionGuid = {92D4C6BE-841A-422C-B2C1-2C0F3FC5ABAD}
	EndGlobalSection
EndGlobal
